<?xml version="1.0" encoding="utf-8"?>
<Project ToolsVersion="4.0" xmlns="http://schemas.microsoft.com/developer/msbuild/2003">
  <ItemGroup>
    <Filter Include="Source Files">
      <UniqueIdentifier>{4FC737F1-C7A5-4376-A066-2A32D752A2FF}</UniqueIdentifier>
      <Extensions>cpp;c;cc;cxx;def;odl;idl;hpj;bat;asm;asmx</Extensions>
    </Filter>
    <Filter Include="Header Files">
      <UniqueIdentifier>{93995380-89BD-4b04-88EB-625FBE52EBFB}</UniqueIdentifier>
      <Extensions>h;hh;hpp;hxx;hm;inl;inc;ipp;xsd</Extensions>
    </Filter>
    <Filter Include="Resource Files">
      <UniqueIdentifier>{67DA6AB6-F800-4c08-8B7A-83BB121AAD01}</UniqueIdentifier>
      <Extensions>rc;ico;cur;bmp;dlg;rc2;rct;bin;rgs;gif;jpg;jpeg;jpe;resx;tiff;tif;png;wav;mfcribbon-ms</Extensions>
    </Filter>
    <Filter Include="layers">
      <UniqueIdentifier>{e7ea59c7-76f7-4f2d-983f-756b2ee9d7a0}</UniqueIdentifier>
    </Filter>
    <Filter Include="utilities">
      <UniqueIdentifier>{ba39c5d7-e219-4c47-998a-95a287f7e0ee}</UniqueIdentifier>
    </Filter>
  </ItemGroup>
  <ItemGroup>
    <ClCompile Include="main.cpp">
      <Filter>Source Files</Filter>
    </ClCompile>
    <ClCompile Include="audio_recorder.cpp">
      <Filter>Source Files</Filter>
    </ClCompile>
    <ClCompile Include="visualizer.cpp">
      <Filter>Source Files</Filter>
    </ClCompile>
    <ClCompile Include="visual_layer_factory.cpp">
      <Filter>Source Files</Filter>
    </ClCompile>
    <ClCompile Include="amplitude_circle_layer.cpp">
      <Filter>layers</Filter>
    </ClCompile>
    <ClCompile Include="moving_wave_layer.cpp">
      <Filter>layers</Filter>
    </ClCompile>
    <ClCompile Include="polygon_layer.cpp">
      <Filter>layers</Filter>
    </ClCompile>
    <ClCompile Include="screen_box_layer.cpp">
      <Filter>layers</Filter>
    </ClCompile>
    <ClCompile Include="wave_layer.cpp">
      <Filter>layers</Filter>
    </ClCompile>
    <ClCompile Include="draw_utilities.cpp">
      <Filter>utilities</Filter>
    </ClCompile>
    <ClCompile Include="dsp_utilities.cpp">
      <Filter>utilities</Filter>
    </ClCompile>
    <ClCompile Include="signal_box.cpp">
      <Filter>Source Files</Filter>
    </ClCompile>
  </ItemGroup>
  <ItemGroup>
    <ClInclude Include="audio_recorder.h">
      <Filter>Header Files</Filter>
    </ClInclude>
    <ClInclude Include="audio_sink.h">
      <Filter>Header Files</Filter>
    </ClInclude>
    <ClInclude Include="visualizer.h">
      <Filter>Header Files</Filter>
    </ClInclude>
    <ClInclude Include="visual_layer_factory.h">
      <Filter>Header Files</Filter>
    </ClInclude>
    <ClInclude Include="amplitude_circle_layer.h">
      <Filter>layers</Filter>
    </ClInclude>
    <ClInclude Include="moving_wave_layer.h">
      <Filter>layers</Filter>
    </ClInclude>
    <ClInclude Include="polygon_layer.h">
      <Filter>layers</Filter>
    </ClInclude>
    <ClInclude Include="screen_box_layer.h">
      <Filter>layers</Filter>
    </ClInclude>
    <ClInclude Include="visual_layer.h">
      <Filter>layers</Filter>
    </ClInclude>
    <ClInclude Include="wave_layer.h">
      <Filter>layers</Filter>
    </ClInclude>
    <ClInclude Include="draw_utilities.h">
      <Filter>utilities</Filter>
    </ClInclude>
    <ClInclude Include="colors.h">
      <Filter>Header Files</Filter>
    </ClInclude>
    <ClInclude Include="color_palettes.h">
      <Filter>Header Files</Filter>
    </ClInclude>
    <ClInclude Include="dsp_utilities.h">
      <Filter>utilities</Filter>
    </ClInclude>
    <ClInclude Include="timer.h">
      <Filter>utilities</Filter>
    </ClInclude>
    <ClInclude Include="signal_box.h">
      <Filter>Header Files</Filter>
    </ClInclude>
  </ItemGroup>
</Project>